
Microsoft Visual Studio Solution File, Format Version 11.00
# Visual Studio 2010
Project("{FAE04EC0-301F-11D3-BF4B-00C04F79EFBC}") = "XACML", "XACML\XACML.csproj", "{B2906C41-BC7C-42E6-9545-AAAC92E53DE7}"
EndProject
Project("{FAE04EC0-301F-11D3-BF4B-00C04F79EFBC}") = "SAMLAssertion", "SAMLAssertion\SAMLAssertion.csproj", "{B79C7929-107E-4F66-86B0-6C18E41DD16D}"
EndProject
Project("{FAE04EC0-301F-11D3-BF4B-00C04F79EFBC}") = "DataAccessLayer", "Data Access Layer\DataAccessLayer.csproj", "{E3390CF5-B549-483C-ABA5-83946F39A112}"
EndProject
Project("{FAE04EC0-301F-11D3-BF4B-00C04F79EFBC}") = "C32Utility", "C32Utility\C32Utility.csproj", "{AD5A86BB-9A1F-40A4-92A3-8059D61E7D74}"
EndProject
Project("{E24C65DC-7377-472B-9ABA-BC803B73C61A}") = "Mobius.Client", "Mobius.Client\", "{AB54F91E-FEDD-4B52-A611-1C0E5FA0A2ED}"
	ProjectSection(WebsiteProperties) = preProject
		TargetFrameworkMoniker = ".NETFramework,Version%3Dv4.0"
		ProjectReferences = "{AD5A86BB-9A1F-40A4-92A3-8059D61E7D74}|C32Utility.dll;{89892CBF-C55B-431F-B133-3679FCE56A9C}|Mobius.FileSystem.dll;{400CFAD6-BEBB-4ABC-AB77-412DCB4A8400}|Mobius.CoreLibrary.dll;{B2906C41-BC7C-42E6-9545-AAAC92E53DE7}|XACML.dll;{AD956027-8C49-48A4-9BF2-9BB954DED02D}|Mobius.DAL.dll;{E3390CF5-B549-483C-ABA5-83946F39A112}|DataAccessLayer.dll;{6E187B3A-26AD-444F-AA29-0769410E6A33}|Mobius.EventNotification.dll;{C4373999-F21D-4019-BBAD-5C15F58BAF38}|MobiusServiceUtility.dll;{E37ED2E7-7382-4296-A387-438176473DE3}|MobiusServiceLibrary.dll;{B79C7929-107E-4F66-86B0-6C18E41DD16D}|SAMLAssertion.dll;{FEEBF7EB-A5F6-4E9F-AE05-BC5CFD4A9B05}|Mobius.Logger.dll;{2BAB5079-F47D-4AD4-BE31-063A2576F002}|Mobius.Entity.dll;"
		Debug.AspNetCompiler.VirtualPath = "/MobiusClient"
		Debug.AspNetCompiler.PhysicalPath = "Mobius.Client\"
		Debug.AspNetCompiler.TargetPath = "PrecompiledWeb\MobiusClient\"
		Debug.AspNetCompiler.Updateable = "true"
		Debug.AspNetCompiler.ForceOverwrite = "true"
		Debug.AspNetCompiler.FixedNames = "false"
		Debug.AspNetCompiler.Debug = "True"
		Release.AspNetCompiler.VirtualPath = "/MobiusClient"
		Release.AspNetCompiler.PhysicalPath = "Mobius.Client\"
		Release.AspNetCompiler.TargetPath = "PrecompiledWeb\MobiusClient\"
		Release.AspNetCompiler.Updateable = "true"
		Release.AspNetCompiler.ForceOverwrite = "true"
		Release.AspNetCompiler.FixedNames = "false"
		Release.AspNetCompiler.Debug = "False"
		VWDPort = "55578"
		VWDVirtualPath = "/MobiusClient"
	EndProjectSection
	ProjectSection(ProjectDependencies) = postProject
		{28A34C1B-C1C4-4921-8813-25AA290E8292} = {28A34C1B-C1C4-4921-8813-25AA290E8292}
	EndProjectSection
EndProject
Project("{FAE04EC0-301F-11D3-BF4B-00C04F79EFBC}") = "Mobius.Contracts", "Mobius.Contracts\Mobius.Contracts.csproj", "{E37ED2E7-7382-4296-A387-438176473DE3}"
EndProject
Project("{FAE04EC0-301F-11D3-BF4B-00C04F79EFBC}") = "MobiusHISEService", "MobiusHISEService\MobiusHISEService.csproj", "{28A34C1B-C1C4-4921-8813-25AA290E8292}"
EndProject
Project("{FAE04EC0-301F-11D3-BF4B-00C04F79EFBC}") = "Mobius.BAL", "Mobius.BAL\Mobius.BAL.csproj", "{AB673ACA-A2F0-458D-9F20-7354C1BE967F}"
EndProject
Project("{FAE04EC0-301F-11D3-BF4B-00C04F79EFBC}") = "Mobius.ClientConnect", "Mobius.ClientConnect\Mobius.ClientConnect.csproj", "{29AF4265-AD5A-4405-B1D9-D9F571D853EC}"
EndProject
Project("{FAE04EC0-301F-11D3-BF4B-00C04F79EFBC}") = "Mobius.DAL", "Mobius.DAL\Mobius.DAL.csproj", "{AD956027-8C49-48A4-9BF2-9BB954DED02D}"
EndProject
Project("{FAE04EC0-301F-11D3-BF4B-00C04F79EFBC}") = "MobiusHISE.UnitTest", "MobiusHISE.UnitTest\MobiusHISE.UnitTest.csproj", "{826288D6-5CFD-472E-8E30-94D7F583B856}"
EndProject
Project("{2150E333-8FDC-42A3-9474-1A3956D46DE8}") = "Solution Items", "Solution Items", "{553E5B71-6C4B-4A2B-9B26-C0910E5EC093}"
	ProjectSection(SolutionItems) = preProject
		Local.testsettings = Local.testsettings
		Mobius.Server.vsmdi = Mobius.Server.vsmdi
		TraceAndTestImpact.testsettings = TraceAndTestImpact.testsettings
	EndProjectSection
EndProject
Project("{FAE04EC0-301F-11D3-BF4B-00C04F79EFBC}") = "Mobius.Service", "Mobius.Service\Mobius.Service.csproj", "{395E16E4-3E74-4725-8D55-35EA821010D7}"
EndProject
Project("{FAE04EC0-301F-11D3-BF4B-00C04F79EFBC}") = "Mobius.FileSystem", "Mobius.FileSystem\Mobius.FileSystem.csproj", "{89892CBF-C55B-431F-B133-3679FCE56A9C}"
EndProject
Project("{FAE04EC0-301F-11D3-BF4B-00C04F79EFBC}") = "Mobius.Entity", "Mobius.Entity\Mobius.Entity.csproj", "{2BAB5079-F47D-4AD4-BE31-063A2576F002}"
EndProject
Project("{FAE04EC0-301F-11D3-BF4B-00C04F79EFBC}") = "Mobius.EventNotification", "Mobius.EventNotification\Mobius.EventNotification.csproj", "{6E187B3A-26AD-444F-AA29-0769410E6A33}"
EndProject
Project("{FAE04EC0-301F-11D3-BF4B-00C04F79EFBC}") = "Mobius.CertificateAuthority", "Mobius.CertificateAuthority\Mobius.CertificateAuthority.csproj", "{EB2EDA74-FA4F-45A8-BEF6-1F75D2B7BFA3}"
EndProject
Project("{FAE04EC0-301F-11D3-BF4B-00C04F79EFBC}") = "Mobius.Authorization", "Mobius.Authorization\Mobius.Authorization.csproj", "{09C6D571-53FE-433A-92EB-BF366C58C627}"
EndProject
Project("{E24C65DC-7377-472B-9ABA-BC803B73C61A}") = "Mobius.Admin", "Mobius.Admin\", "{01EE26B9-44F6-4C61-91EA-A3A6F1459F73}"
	ProjectSection(WebsiteProperties) = preProject
		TargetFrameworkMoniker = ".NETFramework,Version%3Dv4.0"
		ProjectReferences = "{395E16E4-3E74-4725-8D55-35EA821010D7}|Mobius.ServiceLibrary.dll;{AB673ACA-A2F0-458D-9F20-7354C1BE967F}|Mobius.BAL.dll;{E3390CF5-B549-483C-ABA5-83946F39A112}|DataAccessLayer.dll;{AD5A86BB-9A1F-40A4-92A3-8059D61E7D74}|C32Utility.dll;{09C6D571-53FE-433A-92EB-BF366C58C627}|Mobius.Authorization.dll;{400CFAD6-BEBB-4ABC-AB77-412DCB4A8400}|Mobius.CoreLibrary.dll;{AD956027-8C49-48A4-9BF2-9BB954DED02D}|Mobius.DAL.dll;{2BAB5079-F47D-4AD4-BE31-063A2576F002}|Mobius.Entity.dll;{89892CBF-C55B-431F-B133-3679FCE56A9C}|Mobius.FileSystem.dll;{B2906C41-BC7C-42E6-9545-AAAC92E53DE7}|XACML.dll;{E37ED2E7-7382-4296-A387-438176473DE3}|MobiusServiceLibrary.dll;{B79C7929-107E-4F66-86B0-6C18E41DD16D}|SAMLAssertion.dll;{6E187B3A-26AD-444F-AA29-0769410E6A33}|Mobius.EventNotification.dll;{EB2EDA74-FA4F-45A8-BEF6-1F75D2B7BFA3}|Mobius.CertificateAuthority.dll;{29AF4265-AD5A-4405-B1D9-D9F571D853EC}|Mobius.ClientConnect.dll;{C4373999-F21D-4019-BBAD-5C15F58BAF38}|MobiusServiceUtility.dll;{FEEBF7EB-A5F6-4E9F-AE05-BC5CFD4A9B05}|Mobius.Logger.dll;"
		Debug.AspNetCompiler.VirtualPath = "/Mobius.Admin"
		Debug.AspNetCompiler.PhysicalPath = "Mobius.Admin\"
		Debug.AspNetCompiler.TargetPath = "PrecompiledWeb\Mobius.Admin\"
		Debug.AspNetCompiler.Updateable = "true"
		Debug.AspNetCompiler.ForceOverwrite = "true"
		Debug.AspNetCompiler.FixedNames = "false"
		Debug.AspNetCompiler.Debug = "True"
		Release.AspNetCompiler.VirtualPath = "/Mobius.Admin"
		Release.AspNetCompiler.PhysicalPath = "Mobius.Admin\"
		Release.AspNetCompiler.TargetPath = "PrecompiledWeb\Mobius.Admin\"
		Release.AspNetCompiler.Updateable = "true"
		Release.AspNetCompiler.ForceOverwrite = "true"
		Release.AspNetCompiler.FixedNames = "false"
		Release.AspNetCompiler.Debug = "False"
		VWDPort = "55581"
	EndProjectSection
EndProject
Project("{FAE04EC0-301F-11D3-BF4B-00C04F79EFBC}") = "AdapterComponentMPI", "AdapterComponentMPI\AdapterComponentMPI.csproj", "{CD420238-D0BB-4F0E-874B-7DC755693F40}"
EndProject
Project("{FAE04EC0-301F-11D3-BF4B-00C04F79EFBC}") = "AdapterPolicyEngine", "AdapterPolicyEngine\AdapterPolicyEngine.csproj", "{4B181811-31D0-4A92-9704-98784EBFF5F5}"
EndProject
Project("{FAE04EC0-301F-11D3-BF4B-00C04F79EFBC}") = "Mobius.CoreLibrary", "Mobius.CoreLibrary\Mobius.CoreLibrary.csproj", "{400CFAD6-BEBB-4ABC-AB77-412DCB4A8400}"
EndProject
Project("{FAE04EC0-301F-11D3-BF4B-00C04F79EFBC}") = "MobiusServiceUtility", "MobiusServiceUtility\MobiusServiceUtility.csproj", "{C4373999-F21D-4019-BBAD-5C15F58BAF38}"
EndProject
Project("{FAE04EC0-301F-11D3-BF4B-00C04F79EFBC}") = "AdapterPEP", "AdapterPEP\AdapterPEP.csproj", "{8361148C-B283-4A67-86D0-4C67EF034408}"
EndProject
Project("{FAE04EC0-301F-11D3-BF4B-00C04F79EFBC}") = "MobiusLogger", "Mobius.Logger\MobiusLogger.csproj", "{FEEBF7EB-A5F6-4E9F-AE05-BC5CFD4A9B05}"
EndProject
Global
	GlobalSection(TestCaseManagementSettings) = postSolution
		CategoryFile = Mobius.Server.vsmdi
	EndGlobalSection
	GlobalSection(SolutionConfigurationPlatforms) = preSolution
		Debug|.NET = Debug|.NET
		Debug|Any CPU = Debug|Any CPU
		Debug|Mixed Platforms = Debug|Mixed Platforms
		Release|.NET = Release|.NET
		Release|Any CPU = Release|Any CPU
		Release|Mixed Platforms = Release|Mixed Platforms
	EndGlobalSection
	GlobalSection(ProjectConfigurationPlatforms) = postSolution
		{B2906C41-BC7C-42E6-9545-AAAC92E53DE7}.Debug|.NET.ActiveCfg = Debug|Any CPU
		{B2906C41-BC7C-42E6-9545-AAAC92E53DE7}.Debug|Any CPU.ActiveCfg = Debug|Any CPU
		{B2906C41-BC7C-42E6-9545-AAAC92E53DE7}.Debug|Any CPU.Build.0 = Debug|Any CPU
		{B2906C41-BC7C-42E6-9545-AAAC92E53DE7}.Debug|Mixed Platforms.ActiveCfg = Debug|Any CPU
		{B2906C41-BC7C-42E6-9545-AAAC92E53DE7}.Debug|Mixed Platforms.Build.0 = Debug|Any CPU
		{B2906C41-BC7C-42E6-9545-AAAC92E53DE7}.Release|.NET.ActiveCfg = Release|Any CPU
		{B2906C41-BC7C-42E6-9545-AAAC92E53DE7}.Release|Any CPU.ActiveCfg = Release|Any CPU
		{B2906C41-BC7C-42E6-9545-AAAC92E53DE7}.Release|Any CPU.Build.0 = Release|Any CPU
		{B2906C41-BC7C-42E6-9545-AAAC92E53DE7}.Release|Mixed Platforms.ActiveCfg = Release|Any CPU
		{B2906C41-BC7C-42E6-9545-AAAC92E53DE7}.Release|Mixed Platforms.Build.0 = Release|Any CPU
		{B79C7929-107E-4F66-86B0-6C18E41DD16D}.Debug|.NET.ActiveCfg = Debug|Any CPU
		{B79C7929-107E-4F66-86B0-6C18E41DD16D}.Debug|Any CPU.ActiveCfg = Debug|Any CPU
		{B79C7929-107E-4F66-86B0-6C18E41DD16D}.Debug|Any CPU.Build.0 = Debug|Any CPU
		{B79C7929-107E-4F66-86B0-6C18E41DD16D}.Debug|Mixed Platforms.ActiveCfg = Debug|Any CPU
		{B79C7929-107E-4F66-86B0-6C18E41DD16D}.Debug|Mixed Platforms.Build.0 = Debug|Any CPU
		{B79C7929-107E-4F66-86B0-6C18E41DD16D}.Release|.NET.ActiveCfg = Release|Any CPU
		{B79C7929-107E-4F66-86B0-6C18E41DD16D}.Release|Any CPU.ActiveCfg = Release|Any CPU
		{B79C7929-107E-4F66-86B0-6C18E41DD16D}.Release|Any CPU.Build.0 = Release|Any CPU
		{B79C7929-107E-4F66-86B0-6C18E41DD16D}.Release|Mixed Platforms.ActiveCfg = Release|Any CPU
		{B79C7929-107E-4F66-86B0-6C18E41DD16D}.Release|Mixed Platforms.Build.0 = Release|Any CPU
		{E3390CF5-B549-483C-ABA5-83946F39A112}.Debug|.NET.ActiveCfg = Debug|Any CPU
		{E3390CF5-B549-483C-ABA5-83946F39A112}.Debug|Any CPU.ActiveCfg = Debug|Any CPU
		{E3390CF5-B549-483C-ABA5-83946F39A112}.Debug|Any CPU.Build.0 = Debug|Any CPU
		{E3390CF5-B549-483C-ABA5-83946F39A112}.Debug|Mixed Platforms.ActiveCfg = Debug|Any CPU
		{E3390CF5-B549-483C-ABA5-83946F39A112}.Debug|Mixed Platforms.Build.0 = Debug|Any CPU
		{E3390CF5-B549-483C-ABA5-83946F39A112}.Release|.NET.ActiveCfg = Release|Any CPU
		{E3390CF5-B549-483C-ABA5-83946F39A112}.Release|Any CPU.ActiveCfg = Release|Any CPU
		{E3390CF5-B549-483C-ABA5-83946F39A112}.Release|Any CPU.Build.0 = Release|Any CPU
		{E3390CF5-B549-483C-ABA5-83946F39A112}.Release|Mixed Platforms.ActiveCfg = Release|Any CPU
		{E3390CF5-B549-483C-ABA5-83946F39A112}.Release|Mixed Platforms.Build.0 = Release|Any CPU
		{AD5A86BB-9A1F-40A4-92A3-8059D61E7D74}.Debug|.NET.ActiveCfg = Debug|Any CPU
		{AD5A86BB-9A1F-40A4-92A3-8059D61E7D74}.Debug|Any CPU.ActiveCfg = Debug|Any CPU
		{AD5A86BB-9A1F-40A4-92A3-8059D61E7D74}.Debug|Any CPU.Build.0 = Debug|Any CPU
		{AD5A86BB-9A1F-40A4-92A3-8059D61E7D74}.Debug|Mixed Platforms.ActiveCfg = Debug|Any CPU
		{AD5A86BB-9A1F-40A4-92A3-8059D61E7D74}.Debug|Mixed Platforms.Build.0 = Debug|Any CPU
		{AD5A86BB-9A1F-40A4-92A3-8059D61E7D74}.Release|.NET.ActiveCfg = Release|Any CPU
		{AD5A86BB-9A1F-40A4-92A3-8059D61E7D74}.Release|Any CPU.ActiveCfg = Release|Any CPU
		{AD5A86BB-9A1F-40A4-92A3-8059D61E7D74}.Release|Any CPU.Build.0 = Release|Any CPU
		{AD5A86BB-9A1F-40A4-92A3-8059D61E7D74}.Release|Mixed Platforms.ActiveCfg = Release|Any CPU
		{AD5A86BB-9A1F-40A4-92A3-8059D61E7D74}.Release|Mixed Platforms.Build.0 = Release|Any CPU
		{AB54F91E-FEDD-4B52-A611-1C0E5FA0A2ED}.Debug|.NET.ActiveCfg = Debug|Any CPU
		{AB54F91E-FEDD-4B52-A611-1C0E5FA0A2ED}.Debug|Any CPU.ActiveCfg = Debug|Any CPU
		{AB54F91E-FEDD-4B52-A611-1C0E5FA0A2ED}.Debug|Any CPU.Build.0 = Debug|Any CPU
		{AB54F91E-FEDD-4B52-A611-1C0E5FA0A2ED}.Debug|Mixed Platforms.ActiveCfg = Debug|Any CPU
		{AB54F91E-FEDD-4B52-A611-1C0E5FA0A2ED}.Debug|Mixed Platforms.Build.0 = Debug|Any CPU
		{AB54F91E-FEDD-4B52-A611-1C0E5FA0A2ED}.Release|.NET.ActiveCfg = Debug|Any CPU
		{AB54F91E-FEDD-4B52-A611-1C0E5FA0A2ED}.Release|Any CPU.ActiveCfg = Debug|Any CPU
		{AB54F91E-FEDD-4B52-A611-1C0E5FA0A2ED}.Release|Any CPU.Build.0 = Debug|Any CPU
		{AB54F91E-FEDD-4B52-A611-1C0E5FA0A2ED}.Release|Mixed Platforms.ActiveCfg = Debug|Any CPU
		{AB54F91E-FEDD-4B52-A611-1C0E5FA0A2ED}.Release|Mixed Platforms.Build.0 = Debug|Any CPU
		{E37ED2E7-7382-4296-A387-438176473DE3}.Debug|.NET.ActiveCfg = Debug|Any CPU
		{E37ED2E7-7382-4296-A387-438176473DE3}.Debug|Any CPU.ActiveCfg = Debug|Any CPU
		{E37ED2E7-7382-4296-A387-438176473DE3}.Debug|Any CPU.Build.0 = Debug|Any CPU
		{E37ED2E7-7382-4296-A387-438176473DE3}.Debug|Mixed Platforms.ActiveCfg = Debug|Any CPU
		{E37ED2E7-7382-4296-A387-438176473DE3}.Debug|Mixed Platforms.Build.0 = Debug|Any CPU
		{E37ED2E7-7382-4296-A387-438176473DE3}.Release|.NET.ActiveCfg = Release|Any CPU
		{E37ED2E7-7382-4296-A387-438176473DE3}.Release|Any CPU.ActiveCfg = Release|Any CPU
		{E37ED2E7-7382-4296-A387-438176473DE3}.Release|Any CPU.Build.0 = Release|Any CPU
		{E37ED2E7-7382-4296-A387-438176473DE3}.Release|Mixed Platforms.ActiveCfg = Release|Any CPU
		{E37ED2E7-7382-4296-A387-438176473DE3}.Release|Mixed Platforms.Build.0 = Release|Any CPU
		{28A34C1B-C1C4-4921-8813-25AA290E8292}.Debug|.NET.ActiveCfg = Debug|Any CPU
		{28A34C1B-C1C4-4921-8813-25AA290E8292}.Debug|Any CPU.ActiveCfg = Debug|Any CPU
		{28A34C1B-C1C4-4921-8813-25AA290E8292}.Debug|Any CPU.Build.0 = Debug|Any CPU
		{28A34C1B-C1C4-4921-8813-25AA290E8292}.Debug|Mixed Platforms.ActiveCfg = Debug|Any CPU
		{28A34C1B-C1C4-4921-8813-25AA290E8292}.Debug|Mixed Platforms.Build.0 = Debug|Any CPU
		{28A34C1B-C1C4-4921-8813-25AA290E8292}.Release|.NET.ActiveCfg = Release|Any CPU
		{28A34C1B-C1C4-4921-8813-25AA290E8292}.Release|Any CPU.ActiveCfg = Release|Any CPU
		{28A34C1B-C1C4-4921-8813-25AA290E8292}.Release|Any CPU.Build.0 = Release|Any CPU
		{28A34C1B-C1C4-4921-8813-25AA290E8292}.Release|Mixed Platforms.ActiveCfg = Release|Any CPU
		{28A34C1B-C1C4-4921-8813-25AA290E8292}.Release|Mixed Platforms.Build.0 = Release|Any CPU
		{AB673ACA-A2F0-458D-9F20-7354C1BE967F}.Debug|.NET.ActiveCfg = Debug|Any CPU
		{AB673ACA-A2F0-458D-9F20-7354C1BE967F}.Debug|Any CPU.ActiveCfg = Debug|Any CPU
		{AB673ACA-A2F0-458D-9F20-7354C1BE967F}.Debug|Any CPU.Build.0 = Debug|Any CPU
		{AB673ACA-A2F0-458D-9F20-7354C1BE967F}.Debug|Mixed Platforms.ActiveCfg = Debug|Any CPU
		{AB673ACA-A2F0-458D-9F20-7354C1BE967F}.Debug|Mixed Platforms.Build.0 = Debug|Any CPU
		{AB673ACA-A2F0-458D-9F20-7354C1BE967F}.Release|.NET.ActiveCfg = Release|Any CPU
		{AB673ACA-A2F0-458D-9F20-7354C1BE967F}.Release|Any CPU.ActiveCfg = Release|Any CPU
		{AB673ACA-A2F0-458D-9F20-7354C1BE967F}.Release|Any CPU.Build.0 = Release|Any CPU
		{AB673ACA-A2F0-458D-9F20-7354C1BE967F}.Release|Mixed Platforms.ActiveCfg = Release|Any CPU
		{AB673ACA-A2F0-458D-9F20-7354C1BE967F}.Release|Mixed Platforms.Build.0 = Release|Any CPU
		{29AF4265-AD5A-4405-B1D9-D9F571D853EC}.Debug|.NET.ActiveCfg = Debug|Any CPU
		{29AF4265-AD5A-4405-B1D9-D9F571D853EC}.Debug|Any CPU.ActiveCfg = Debug|Any CPU
		{29AF4265-AD5A-4405-B1D9-D9F571D853EC}.Debug|Any CPU.Build.0 = Debug|Any CPU
		{29AF4265-AD5A-4405-B1D9-D9F571D853EC}.Debug|Mixed Platforms.ActiveCfg = Debug|Any CPU
		{29AF4265-AD5A-4405-B1D9-D9F571D853EC}.Debug|Mixed Platforms.Build.0 = Debug|Any CPU
		{29AF4265-AD5A-4405-B1D9-D9F571D853EC}.Release|.NET.ActiveCfg = Release|Any CPU
		{29AF4265-AD5A-4405-B1D9-D9F571D853EC}.Release|Any CPU.ActiveCfg = Release|Any CPU
		{29AF4265-AD5A-4405-B1D9-D9F571D853EC}.Release|Any CPU.Build.0 = Release|Any CPU
		{29AF4265-AD5A-4405-B1D9-D9F571D853EC}.Release|Mixed Platforms.ActiveCfg = Release|Any CPU
		{29AF4265-AD5A-4405-B1D9-D9F571D853EC}.Release|Mixed Platforms.Build.0 = Release|Any CPU
		{AD956027-8C49-48A4-9BF2-9BB954DED02D}.Debug|.NET.ActiveCfg = Debug|Any CPU
		{AD956027-8C49-48A4-9BF2-9BB954DED02D}.Debug|Any CPU.ActiveCfg = Debug|Any CPU
		{AD956027-8C49-48A4-9BF2-9BB954DED02D}.Debug|Any CPU.Build.0 = Debug|Any CPU
		{AD956027-8C49-48A4-9BF2-9BB954DED02D}.Debug|Mixed Platforms.ActiveCfg = Debug|Any CPU
		{AD956027-8C49-48A4-9BF2-9BB954DED02D}.Debug|Mixed Platforms.Build.0 = Debug|Any CPU
		{AD956027-8C49-48A4-9BF2-9BB954DED02D}.Release|.NET.ActiveCfg = Release|Any CPU
		{AD956027-8C49-48A4-9BF2-9BB954DED02D}.Release|Any CPU.ActiveCfg = Release|Any CPU
		{AD956027-8C49-48A4-9BF2-9BB954DED02D}.Release|Any CPU.Build.0 = Release|Any CPU
		{AD956027-8C49-48A4-9BF2-9BB954DED02D}.Release|Mixed Platforms.ActiveCfg = Release|Any CPU
		{AD956027-8C49-48A4-9BF2-9BB954DED02D}.Release|Mixed Platforms.Build.0 = Release|Any CPU
		{826288D6-5CFD-472E-8E30-94D7F583B856}.Debug|.NET.ActiveCfg = Debug|Any CPU
		{826288D6-5CFD-472E-8E30-94D7F583B856}.Debug|Any CPU.ActiveCfg = Debug|Any CPU
		{826288D6-5CFD-472E-8E30-94D7F583B856}.Debug|Any CPU.Build.0 = Debug|Any CPU
		{826288D6-5CFD-472E-8E30-94D7F583B856}.Debug|Mixed Platforms.ActiveCfg = Debug|Any CPU
		{826288D6-5CFD-472E-8E30-94D7F583B856}.Debug|Mixed Platforms.Build.0 = Debug|Any CPU
		{826288D6-5CFD-472E-8E30-94D7F583B856}.Release|.NET.ActiveCfg = Release|Any CPU
		{826288D6-5CFD-472E-8E30-94D7F583B856}.Release|Any CPU.ActiveCfg = Release|Any CPU
		{826288D6-5CFD-472E-8E30-94D7F583B856}.Release|Any CPU.Build.0 = Release|Any CPU
		{826288D6-5CFD-472E-8E30-94D7F583B856}.Release|Mixed Platforms.ActiveCfg = Release|Any CPU
		{826288D6-5CFD-472E-8E30-94D7F583B856}.Release|Mixed Platforms.Build.0 = Release|Any CPU
		{395E16E4-3E74-4725-8D55-35EA821010D7}.Debug|.NET.ActiveCfg = Debug|Any CPU
		{395E16E4-3E74-4725-8D55-35EA821010D7}.Debug|Any CPU.ActiveCfg = Debug|Any CPU
		{395E16E4-3E74-4725-8D55-35EA821010D7}.Debug|Any CPU.Build.0 = Debug|Any CPU
		{395E16E4-3E74-4725-8D55-35EA821010D7}.Debug|Mixed Platforms.ActiveCfg = Debug|Any CPU
		{395E16E4-3E74-4725-8D55-35EA821010D7}.Debug|Mixed Platforms.Build.0 = Debug|Any CPU
		{395E16E4-3E74-4725-8D55-35EA821010D7}.Release|.NET.ActiveCfg = Release|Any CPU
		{395E16E4-3E74-4725-8D55-35EA821010D7}.Release|Any CPU.ActiveCfg = Release|Any CPU
		{395E16E4-3E74-4725-8D55-35EA821010D7}.Release|Any CPU.Build.0 = Release|Any CPU
		{395E16E4-3E74-4725-8D55-35EA821010D7}.Release|Mixed Platforms.ActiveCfg = Release|Any CPU
		{395E16E4-3E74-4725-8D55-35EA821010D7}.Release|Mixed Platforms.Build.0 = Release|Any CPU
		{89892CBF-C55B-431F-B133-3679FCE56A9C}.Debug|.NET.ActiveCfg = Debug|Any CPU
		{89892CBF-C55B-431F-B133-3679FCE56A9C}.Debug|Any CPU.ActiveCfg = Debug|Any CPU
		{89892CBF-C55B-431F-B133-3679FCE56A9C}.Debug|Any CPU.Build.0 = Debug|Any CPU
		{89892CBF-C55B-431F-B133-3679FCE56A9C}.Debug|Mixed Platforms.ActiveCfg = Debug|Any CPU
		{89892CBF-C55B-431F-B133-3679FCE56A9C}.Debug|Mixed Platforms.Build.0 = Debug|Any CPU
		{89892CBF-C55B-431F-B133-3679FCE56A9C}.Release|.NET.ActiveCfg = Release|Any CPU
		{89892CBF-C55B-431F-B133-3679FCE56A9C}.Release|Any CPU.ActiveCfg = Release|Any CPU
		{89892CBF-C55B-431F-B133-3679FCE56A9C}.Release|Any CPU.Build.0 = Release|Any CPU
		{89892CBF-C55B-431F-B133-3679FCE56A9C}.Release|Mixed Platforms.ActiveCfg = Release|Any CPU
		{89892CBF-C55B-431F-B133-3679FCE56A9C}.Release|Mixed Platforms.Build.0 = Release|Any CPU
		{2BAB5079-F47D-4AD4-BE31-063A2576F002}.Debug|.NET.ActiveCfg = Debug|Any CPU
		{2BAB5079-F47D-4AD4-BE31-063A2576F002}.Debug|Any CPU.ActiveCfg = Debug|Any CPU
		{2BAB5079-F47D-4AD4-BE31-063A2576F002}.Debug|Any CPU.Build.0 = Debug|Any CPU
		{2BAB5079-F47D-4AD4-BE31-063A2576F002}.Debug|Mixed Platforms.ActiveCfg = Debug|Any CPU
		{2BAB5079-F47D-4AD4-BE31-063A2576F002}.Debug|Mixed Platforms.Build.0 = Debug|Any CPU
		{2BAB5079-F47D-4AD4-BE31-063A2576F002}.Release|.NET.ActiveCfg = Release|Any CPU
		{2BAB5079-F47D-4AD4-BE31-063A2576F002}.Release|Any CPU.ActiveCfg = Release|Any CPU
		{2BAB5079-F47D-4AD4-BE31-063A2576F002}.Release|Any CPU.Build.0 = Release|Any CPU
		{2BAB5079-F47D-4AD4-BE31-063A2576F002}.Release|Mixed Platforms.ActiveCfg = Release|Any CPU
		{2BAB5079-F47D-4AD4-BE31-063A2576F002}.Release|Mixed Platforms.Build.0 = Release|Any CPU
		{6E187B3A-26AD-444F-AA29-0769410E6A33}.Debug|.NET.ActiveCfg = Debug|Any CPU
		{6E187B3A-26AD-444F-AA29-0769410E6A33}.Debug|Any CPU.ActiveCfg = Debug|Any CPU
		{6E187B3A-26AD-444F-AA29-0769410E6A33}.Debug|Any CPU.Build.0 = Debug|Any CPU
		{6E187B3A-26AD-444F-AA29-0769410E6A33}.Debug|Mixed Platforms.ActiveCfg = Debug|Any CPU
		{6E187B3A-26AD-444F-AA29-0769410E6A33}.Debug|Mixed Platforms.Build.0 = Debug|Any CPU
		{6E187B3A-26AD-444F-AA29-0769410E6A33}.Release|.NET.ActiveCfg = Release|Any CPU
		{6E187B3A-26AD-444F-AA29-0769410E6A33}.Release|Any CPU.ActiveCfg = Release|Any CPU
		{6E187B3A-26AD-444F-AA29-0769410E6A33}.Release|Any CPU.Build.0 = Release|Any CPU
		{6E187B3A-26AD-444F-AA29-0769410E6A33}.Release|Mixed Platforms.ActiveCfg = Release|Any CPU
		{6E187B3A-26AD-444F-AA29-0769410E6A33}.Release|Mixed Platforms.Build.0 = Release|Any CPU
		{EB2EDA74-FA4F-45A8-BEF6-1F75D2B7BFA3}.Debug|.NET.ActiveCfg = Debug|Any CPU
		{EB2EDA74-FA4F-45A8-BEF6-1F75D2B7BFA3}.Debug|Any CPU.ActiveCfg = Debug|Any CPU
		{EB2EDA74-FA4F-45A8-BEF6-1F75D2B7BFA3}.Debug|Any CPU.Build.0 = Debug|Any CPU
		{EB2EDA74-FA4F-45A8-BEF6-1F75D2B7BFA3}.Debug|Mixed Platforms.ActiveCfg = Debug|Any CPU
		{EB2EDA74-FA4F-45A8-BEF6-1F75D2B7BFA3}.Debug|Mixed Platforms.Build.0 = Debug|Any CPU
		{EB2EDA74-FA4F-45A8-BEF6-1F75D2B7BFA3}.Release|.NET.ActiveCfg = Release|Any CPU
		{EB2EDA74-FA4F-45A8-BEF6-1F75D2B7BFA3}.Release|Any CPU.ActiveCfg = Release|Any CPU
		{EB2EDA74-FA4F-45A8-BEF6-1F75D2B7BFA3}.Release|Any CPU.Build.0 = Release|Any CPU
		{EB2EDA74-FA4F-45A8-BEF6-1F75D2B7BFA3}.Release|Mixed Platforms.ActiveCfg = Release|Any CPU
		{EB2EDA74-FA4F-45A8-BEF6-1F75D2B7BFA3}.Release|Mixed Platforms.Build.0 = Release|Any CPU
		{09C6D571-53FE-433A-92EB-BF366C58C627}.Debug|.NET.ActiveCfg = Debug|Any CPU
		{09C6D571-53FE-433A-92EB-BF366C58C627}.Debug|Any CPU.ActiveCfg = Debug|Any CPU
		{09C6D571-53FE-433A-92EB-BF366C58C627}.Debug|Any CPU.Build.0 = Debug|Any CPU
		{09C6D571-53FE-433A-92EB-BF366C58C627}.Debug|Mixed Platforms.ActiveCfg = Debug|Any CPU
		{09C6D571-53FE-433A-92EB-BF366C58C627}.Debug|Mixed Platforms.Build.0 = Debug|Any CPU
		{09C6D571-53FE-433A-92EB-BF366C58C627}.Release|.NET.ActiveCfg = Release|Any CPU
		{09C6D571-53FE-433A-92EB-BF366C58C627}.Release|Any CPU.ActiveCfg = Release|Any CPU
		{09C6D571-53FE-433A-92EB-BF366C58C627}.Release|Any CPU.Build.0 = Release|Any CPU
		{09C6D571-53FE-433A-92EB-BF366C58C627}.Release|Mixed Platforms.ActiveCfg = Release|Any CPU
		{09C6D571-53FE-433A-92EB-BF366C58C627}.Release|Mixed Platforms.Build.0 = Release|Any CPU
		{01EE26B9-44F6-4C61-91EA-A3A6F1459F73}.Debug|.NET.ActiveCfg = Debug|Any CPU
		{01EE26B9-44F6-4C61-91EA-A3A6F1459F73}.Debug|Any CPU.ActiveCfg = Debug|Any CPU
		{01EE26B9-44F6-4C61-91EA-A3A6F1459F73}.Debug|Any CPU.Build.0 = Debug|Any CPU
		{01EE26B9-44F6-4C61-91EA-A3A6F1459F73}.Debug|Mixed Platforms.ActiveCfg = Debug|Any CPU
		{01EE26B9-44F6-4C61-91EA-A3A6F1459F73}.Debug|Mixed Platforms.Build.0 = Debug|Any CPU
		{01EE26B9-44F6-4C61-91EA-A3A6F1459F73}.Release|.NET.ActiveCfg = Debug|Any CPU
		{01EE26B9-44F6-4C61-91EA-A3A6F1459F73}.Release|Any CPU.ActiveCfg = Debug|Any CPU
		{01EE26B9-44F6-4C61-91EA-A3A6F1459F73}.Release|Any CPU.Build.0 = Debug|Any CPU
		{01EE26B9-44F6-4C61-91EA-A3A6F1459F73}.Release|Mixed Platforms.ActiveCfg = Debug|Any CPU
		{01EE26B9-44F6-4C61-91EA-A3A6F1459F73}.Release|Mixed Platforms.Build.0 = Debug|Any CPU
		{CD420238-D0BB-4F0E-874B-7DC755693F40}.Debug|.NET.ActiveCfg = Debug|Any CPU
		{CD420238-D0BB-4F0E-874B-7DC755693F40}.Debug|Any CPU.ActiveCfg = Debug|Any CPU
		{CD420238-D0BB-4F0E-874B-7DC755693F40}.Debug|Any CPU.Build.0 = Debug|Any CPU
		{CD420238-D0BB-4F0E-874B-7DC755693F40}.Debug|Mixed Platforms.ActiveCfg = Debug|Any CPU
		{CD420238-D0BB-4F0E-874B-7DC755693F40}.Debug|Mixed Platforms.Build.0 = Debug|Any CPU
		{CD420238-D0BB-4F0E-874B-7DC755693F40}.Release|.NET.ActiveCfg = Release|Any CPU
		{CD420238-D0BB-4F0E-874B-7DC755693F40}.Release|Any CPU.ActiveCfg = Release|Any CPU
		{CD420238-D0BB-4F0E-874B-7DC755693F40}.Release|Any CPU.Build.0 = Release|Any CPU
		{CD420238-D0BB-4F0E-874B-7DC755693F40}.Release|Mixed Platforms.ActiveCfg = Release|Any CPU
		{CD420238-D0BB-4F0E-874B-7DC755693F40}.Release|Mixed Platforms.Build.0 = Release|Any CPU
		{4B181811-31D0-4A92-9704-98784EBFF5F5}.Debug|.NET.ActiveCfg = Debug|Any CPU
		{4B181811-31D0-4A92-9704-98784EBFF5F5}.Debug|Any CPU.ActiveCfg = Debug|Any CPU
		{4B181811-31D0-4A92-9704-98784EBFF5F5}.Debug|Any CPU.Build.0 = Debug|Any CPU
		{4B181811-31D0-4A92-9704-98784EBFF5F5}.Debug|Mixed Platforms.ActiveCfg = Debug|Any CPU
		{4B181811-31D0-4A92-9704-98784EBFF5F5}.Debug|Mixed Platforms.Build.0 = Debug|Any CPU
		{4B181811-31D0-4A92-9704-98784EBFF5F5}.Release|.NET.ActiveCfg = Release|Any CPU
		{4B181811-31D0-4A92-9704-98784EBFF5F5}.Release|Any CPU.ActiveCfg = Release|Any CPU
		{4B181811-31D0-4A92-9704-98784EBFF5F5}.Release|Any CPU.Build.0 = Release|Any CPU
		{4B181811-31D0-4A92-9704-98784EBFF5F5}.Release|Mixed Platforms.ActiveCfg = Release|Any CPU
		{4B181811-31D0-4A92-9704-98784EBFF5F5}.Release|Mixed Platforms.Build.0 = Release|Any CPU
		{400CFAD6-BEBB-4ABC-AB77-412DCB4A8400}.Debug|.NET.ActiveCfg = Debug|Any CPU
		{400CFAD6-BEBB-4ABC-AB77-412DCB4A8400}.Debug|Any CPU.ActiveCfg = Debug|Any CPU
		{400CFAD6-BEBB-4ABC-AB77-412DCB4A8400}.Debug|Any CPU.Build.0 = Debug|Any CPU
		{400CFAD6-BEBB-4ABC-AB77-412DCB4A8400}.Debug|Mixed Platforms.ActiveCfg = Debug|Any CPU
		{400CFAD6-BEBB-4ABC-AB77-412DCB4A8400}.Debug|Mixed Platforms.Build.0 = Debug|Any CPU
		{400CFAD6-BEBB-4ABC-AB77-412DCB4A8400}.Release|.NET.ActiveCfg = Release|Any CPU
		{400CFAD6-BEBB-4ABC-AB77-412DCB4A8400}.Release|Any CPU.ActiveCfg = Release|Any CPU
		{400CFAD6-BEBB-4ABC-AB77-412DCB4A8400}.Release|Any CPU.Build.0 = Release|Any CPU
		{400CFAD6-BEBB-4ABC-AB77-412DCB4A8400}.Release|Mixed Platforms.ActiveCfg = Release|Any CPU
		{400CFAD6-BEBB-4ABC-AB77-412DCB4A8400}.Release|Mixed Platforms.Build.0 = Release|Any CPU
		{C4373999-F21D-4019-BBAD-5C15F58BAF38}.Debug|.NET.ActiveCfg = Debug|Any CPU
		{C4373999-F21D-4019-BBAD-5C15F58BAF38}.Debug|Any CPU.ActiveCfg = Debug|Any CPU
		{C4373999-F21D-4019-BBAD-5C15F58BAF38}.Debug|Any CPU.Build.0 = Debug|Any CPU
		{C4373999-F21D-4019-BBAD-5C15F58BAF38}.Debug|Mixed Platforms.ActiveCfg = Debug|Any CPU
		{C4373999-F21D-4019-BBAD-5C15F58BAF38}.Debug|Mixed Platforms.Build.0 = Debug|Any CPU
		{C4373999-F21D-4019-BBAD-5C15F58BAF38}.Release|.NET.ActiveCfg = Release|Any CPU
		{C4373999-F21D-4019-BBAD-5C15F58BAF38}.Release|Any CPU.ActiveCfg = Release|Any CPU
		{C4373999-F21D-4019-BBAD-5C15F58BAF38}.Release|Any CPU.Build.0 = Release|Any CPU
		{C4373999-F21D-4019-BBAD-5C15F58BAF38}.Release|Mixed Platforms.ActiveCfg = Release|Any CPU
		{C4373999-F21D-4019-BBAD-5C15F58BAF38}.Release|Mixed Platforms.Build.0 = Release|Any CPU
		{8361148C-B283-4A67-86D0-4C67EF034408}.Debug|.NET.ActiveCfg = Debug|Any CPU
		{8361148C-B283-4A67-86D0-4C67EF034408}.Debug|Any CPU.ActiveCfg = Debug|Any CPU
		{8361148C-B283-4A67-86D0-4C67EF034408}.Debug|Any CPU.Build.0 = Debug|Any CPU
		{8361148C-B283-4A67-86D0-4C67EF034408}.Debug|Mixed Platforms.ActiveCfg = Debug|Any CPU
		{8361148C-B283-4A67-86D0-4C67EF034408}.Debug|Mixed Platforms.Build.0 = Debug|Any CPU
		{8361148C-B283-4A67-86D0-4C67EF034408}.Release|.NET.ActiveCfg = Release|Any CPU
		{8361148C-B283-4A67-86D0-4C67EF034408}.Release|Any CPU.ActiveCfg = Release|Any CPU
		{8361148C-B283-4A67-86D0-4C67EF034408}.Release|Any CPU.Build.0 = Release|Any CPU
		{8361148C-B283-4A67-86D0-4C67EF034408}.Release|Mixed Platforms.ActiveCfg = Release|Any CPU
		{8361148C-B283-4A67-86D0-4C67EF034408}.Release|Mixed Platforms.Build.0 = Release|Any CPU
		{FEEBF7EB-A5F6-4E9F-AE05-BC5CFD4A9B05}.Debug|.NET.ActiveCfg = Debug|Any CPU
		{FEEBF7EB-A5F6-4E9F-AE05-BC5CFD4A9B05}.Debug|Any CPU.ActiveCfg = Debug|Any CPU
		{FEEBF7EB-A5F6-4E9F-AE05-BC5CFD4A9B05}.Debug|Any CPU.Build.0 = Debug|Any CPU
		{FEEBF7EB-A5F6-4E9F-AE05-BC5CFD4A9B05}.Debug|Mixed Platforms.ActiveCfg = Debug|Any CPU
		{FEEBF7EB-A5F6-4E9F-AE05-BC5CFD4A9B05}.Debug|Mixed Platforms.Build.0 = Debug|Any CPU
		{FEEBF7EB-A5F6-4E9F-AE05-BC5CFD4A9B05}.Release|.NET.ActiveCfg = Release|Any CPU
		{FEEBF7EB-A5F6-4E9F-AE05-BC5CFD4A9B05}.Release|Any CPU.ActiveCfg = Release|Any CPU
		{FEEBF7EB-A5F6-4E9F-AE05-BC5CFD4A9B05}.Release|Any CPU.Build.0 = Release|Any CPU
		{FEEBF7EB-A5F6-4E9F-AE05-BC5CFD4A9B05}.Release|Mixed Platforms.ActiveCfg = Release|Any CPU
		{FEEBF7EB-A5F6-4E9F-AE05-BC5CFD4A9B05}.Release|Mixed Platforms.Build.0 = Release|Any CPU
	EndGlobalSection
	GlobalSection(SolutionProperties) = preSolution
		HideSolutionNode = FALSE
	EndGlobalSection
EndGlobal
